<?xml version="1.0" encoding="utf-8"?>
<Project ToolsVersion="4.0" xmlns="http://schemas.microsoft.com/developer/msbuild/2003">
  <ItemGroup>
    <Filter Include="File di origine">
      <UniqueIdentifier>{4FC737F1-C7A5-4376-A066-2A32D752A2FF}</UniqueIdentifier>
      <Extensions>cpp;c;cc;cxx;c++;cppm;ixx;def;odl;idl;hpj;bat;asm;asmx</Extensions>
    </Filter>
    <Filter Include="File di intestazione">
      <UniqueIdentifier>{93995380-89BD-4b04-88EB-625FBE52EBFB}</UniqueIdentifier>
      <Extensions>h;hh;hpp;hxx;h++;hm;inl;inc;ipp;xsd</Extensions>
    </Filter>
    <Filter Include="File di risorse">
      <UniqueIdentifier>{67DA6AB6-F800-4c08-8B7A-83BB121AAD01}</UniqueIdentifier>
      <Extensions>rc;ico;cur;bmp;dlg;rc2;rct;bin;rgs;gif;jpg;jpeg;jpe;resx;tiff;tif;png;wav;mfcribbon-ms</Extensions>
    </Filter>
  </ItemGroup>
  <ItemGroup>
    <ClCompile Include="src\TerrainLOD.cpp">
      <Filter>File di origine</Filter>
    </ClCompile>
    <ClCompile Include="src\glad.c">
      <Filter>File di origine</Filter>
    </ClCompile>
    <ClCompile Include="src\image_importer.cpp">
      <Filter>File di origine</Filter>
    </ClCompile>
    <ClCompile Include="local_libs\lib\VBO.cpp">
      <Filter>File di origine</Filter>
    </ClCompile>
    <ClCompile Include="local_libs\lib\EBO.cpp">
      <Filter>File di origine</Filter>
    </ClCompile>
    <ClCompile Include="local_libs\lib\VAO.cpp">
      <Filter>File di origine</Filter>
    </ClCompile>
    <ClCompile Include="local_libs\lib\Texture.cpp">
      <Filter>File di origine</Filter>
    </ClCompile>
    <ClCompile Include="local_libs\lib\Cubemap.cpp">
      <Filter>File di origine</Filter>
    </ClCompile>
    <ClCompile Include="local_libs\lib\Skybox.cpp">
      <Filter>File di origine</Filter>
    </ClCompile>
  </ItemGroup>
  <ItemGroup>
    <None Include="shaders\skybox.frag" />
    <None Include="shaders\skybox.vert" />
    <None Include="shaders\shader.fs" />
    <None Include="shaders\shader.vs" />
  </ItemGroup>
  <ItemGroup>
    <Image Include="resources\textures\skybox\back.jpg">
      <Filter>File di risorse</Filter>
    </Image>
    <Image Include="resources\textures\skybox\bottom.jpg">
      <Filter>File di risorse</Filter>
    </Image>
    <Image Include="resources\textures\skybox\front.jpg">
      <Filter>File di risorse</Filter>
    </Image>
    <Image Include="resources\textures\skybox\left.jpg">
      <Filter>File di risorse</Filter>
    </Image>
    <Image Include="resources\textures\skybox\right.jpg">
      <Filter>File di risorse</Filter>
    </Image>
    <Image Include="resources\textures\skybox\top.jpg">
      <Filter>File di risorse</Filter>
    </Image>
    <Image Include="resources\textures\terrain.png">
      <Filter>File di risorse</Filter>
    </Image>
  </ItemGroup>
  <ItemGroup>
    <ClInclude Include="local_libs\include\Skybox.h">
      <Filter>File di intestazione</Filter>
    </ClInclude>
    <ClInclude Include="local_libs\include\VBO.h">
      <Filter>File di intestazione</Filter>
    </ClInclude>
    <ClInclude Include="local_libs\include\EBO.h">
      <Filter>File di intestazione</Filter>
    </ClInclude>
    <ClInclude Include="local_libs\include\VAO.h">
      <Filter>File di intestazione</Filter>
    </ClInclude>
    <ClInclude Include="local_libs\include\WindowIO.h">
      <Filter>File di intestazione</Filter>
    </ClInclude>
    <ClInclude Include="local_libs\include\Texture.h">
      <Filter>File di intestazione</Filter>
    </ClInclude>
    <ClInclude Include="local_libs\include\Cubemap.h">
      <Filter>File di intestazione</Filter>
    </ClInclude>
  </ItemGroup>
</Project>